{
  "version": 4,
  "terraform_version": "1.5.3",
  "serial": 6,
  "lineage": "963c4189-396a-106c-15c4-c9545847f282",
  "outputs": {},
  "resources": [
    {
      "module": "module.swara-module",
      "mode": "data",
      "type": "azurerm_client_config",
      "name": "current",
      "provider": "module.swara-module.provider[\"registry.terraform.io/hashicorp/azurerm\"]",
      "instances": [
        {
          "schema_version": 0,
          "attributes": {
            "client_id": "123a1124-f398-47e9-95fa-e2aa97a0a9c7",
            "id": "2023-07-19 17:13:58.955605088 +0000 UTC",
            "object_id": "08ae91f4-eca7-4794-9a3a-8c68a70cb8a0",
            "subscription_id": "bfa711a5-2a46-4ae9-b13f-cfc3648d8f94",
            "tenant_id": "fb9886a0-c37e-4427-82a5-a40305272af6",
            "timeouts": null
          },
          "sensitive_attributes": []
        }
      ]
    },
    {
      "module": "module.swara-module",
      "mode": "managed",
      "type": "azurerm_key_vault",
      "name": "swara",
      "provider": "module.swara-module.provider[\"registry.terraform.io/hashicorp/azurerm\"]",
      "instances": [
        {
          "schema_version": 2,
          "attributes": {
            "access_policy": [],
            "contact": [],
            "enable_rbac_authorization": false,
            "enabled_for_deployment": false,
            "enabled_for_disk_encryption": true,
            "enabled_for_template_deployment": false,
            "id": "/subscriptions/bfa711a5-2a46-4ae9-b13f-cfc3648d8f94/resourceGroups/swara/providers/Microsoft.KeyVault/vaults/swara",
            "location": "westeurope",
            "name": "swara",
            "network_acls": [
              {
                "bypass": "AzureServices",
                "default_action": "Allow",
                "ip_rules": [],
                "virtual_network_subnet_ids": []
              }
            ],
            "purge_protection_enabled": false,
            "resource_group_name": "swara",
            "sku_name": "standard",
            "soft_delete_retention_days": 7,
            "tags": null,
            "tenant_id": "fb9886a0-c37e-4427-82a5-a40305272af6",
            "timeouts": null,
            "vault_uri": "https://swara.vault.azure.net/"
          },
          "sensitive_attributes": [],
          "private": "eyJlMmJmYjczMC1lY2FhLTExZTYtOGY4OC0zNDM2M2JjN2M0YzAiOnsiY3JlYXRlIjoxODAwMDAwMDAwMDAwLCJkZWxldGUiOjE4MDAwMDAwMDAwMDAsInJlYWQiOjMwMDAwMDAwMDAwMCwidXBkYXRlIjoxODAwMDAwMDAwMDAwfSwic2NoZW1hX3ZlcnNpb24iOiIyIn0=",
          "dependencies": [
            "module.swara-module.azurerm_resource_group.swara",
            "module.swara-module.data.azurerm_client_config.current"
          ]
        }
      ]
    },
    {
      "module": "module.swara-module",
      "mode": "managed",
      "type": "azurerm_resource_group",
      "name": "swara",
      "provider": "module.swara-module.provider[\"registry.terraform.io/hashicorp/azurerm\"]",
      "instances": [
        {
          "schema_version": 0,
          "attributes": {
            "id": "/subscriptions/bfa711a5-2a46-4ae9-b13f-cfc3648d8f94/resourceGroups/swara",
            "location": "westeurope",
            "name": "swara",
            "tags": null,
            "timeouts": null
          },
          "sensitive_attributes": [],
          "private": "eyJlMmJmYjczMC1lY2FhLTExZTYtOGY4OC0zNDM2M2JjN2M0YzAiOnsiY3JlYXRlIjo1NDAwMDAwMDAwMDAwLCJkZWxldGUiOjU0MDAwMDAwMDAwMDAsInJlYWQiOjMwMDAwMDAwMDAwMCwidXBkYXRlIjo1NDAwMDAwMDAwMDAwfX0="
        }
      ]
    },
    {
      "module": "module.swara-module",
      "mode": "managed",
      "type": "azurerm_service_plan",
      "name": "swara",
      "provider": "module.swara-module.provider[\"registry.terraform.io/hashicorp/azurerm\"]",
      "instances": [
        {
          "schema_version": 0,
          "attributes": {
            "app_service_environment_id": "",
            "id": "/subscriptions/bfa711a5-2a46-4ae9-b13f-cfc3648d8f94/resourceGroups/swara/providers/Microsoft.Web/serverfarms/swara",
            "kind": "functionapp",
            "location": "westeurope",
            "maximum_elastic_worker_count": 1,
            "name": "swara",
            "os_type": "Windows",
            "per_site_scaling_enabled": false,
            "reserved": false,
            "resource_group_name": "swara",
            "sku_name": "Y1",
            "tags": null,
            "timeouts": null,
            "worker_count": 0
          },
          "sensitive_attributes": [],
          "private": "eyJlMmJmYjczMC1lY2FhLTExZTYtOGY4OC0zNDM2M2JjN2M0YzAiOnsiY3JlYXRlIjozNjAwMDAwMDAwMDAwLCJkZWxldGUiOjM2MDAwMDAwMDAwMDAsInJlYWQiOjMwMDAwMDAwMDAwMCwidXBkYXRlIjozNjAwMDAwMDAwMDAwfX0=",
          "dependencies": [
            "module.swara-module.azurerm_resource_group.swara"
          ]
        }
      ]
    },
    {
      "module": "module.swara-module",
      "mode": "managed",
      "type": "azurerm_storage_account",
      "name": "swara",
      "provider": "module.swara-module.provider[\"registry.terraform.io/hashicorp/azurerm\"]",
      "instances": [
        {
          "schema_version": 3,
          "attributes": {
            "access_tier": "Hot",
            "account_kind": "StorageV2",
            "account_replication_type": "GRS",
            "account_tier": "Standard",
            "allow_nested_items_to_be_public": true,
            "azure_files_authentication": [],
            "blob_properties": [
              {
                "change_feed_enabled": false,
                "container_delete_retention_policy": [],
                "cors_rule": [],
                "default_service_version": "",
                "delete_retention_policy": [],
                "last_access_time_enabled": false,
                "versioning_enabled": false
              }
            ],
            "custom_domain": [],
            "customer_managed_key": [],
            "edge_zone": "",
            "enable_https_traffic_only": true,
            "id": "/subscriptions/bfa711a5-2a46-4ae9-b13f-cfc3648d8f94/resourceGroups/swara/providers/Microsoft.Storage/storageAccounts/swara",
            "identity": [],
            "infrastructure_encryption_enabled": false,
            "is_hns_enabled": false,
            "large_file_share_enabled": null,
            "location": "westeurope",
            "min_tls_version": "TLS1_2",
            "name": "swara",
            "network_rules": [
              {
                "bypass": [
                  "AzureServices"
                ],
                "default_action": "Allow",
                "ip_rules": [],
                "private_link_access": [],
                "virtual_network_subnet_ids": []
              }
            ],
            "nfsv3_enabled": false,
            "primary_access_key": "7I/SyDU8xvqGi5xjc1yKbX4Tn7JIT+qV1ELRXSwPpwUW0SCgqKih0/TW9rfx5YUU2P/iVxoFiWrl+AStGePpyQ==",
            "primary_blob_connection_string": "DefaultEndpointsProtocol=https;BlobEndpoint=https://swara.blob.core.windows.net/;AccountName=swara;AccountKey=7I/SyDU8xvqGi5xjc1yKbX4Tn7JIT+qV1ELRXSwPpwUW0SCgqKih0/TW9rfx5YUU2P/iVxoFiWrl+AStGePpyQ==",
            "primary_blob_endpoint": "https://swara.blob.core.windows.net/",
            "primary_blob_host": "swara.blob.core.windows.net",
            "primary_connection_string": "DefaultEndpointsProtocol=https;AccountName=swara;AccountKey=7I/SyDU8xvqGi5xjc1yKbX4Tn7JIT+qV1ELRXSwPpwUW0SCgqKih0/TW9rfx5YUU2P/iVxoFiWrl+AStGePpyQ==;EndpointSuffix=core.windows.net",
            "primary_dfs_endpoint": "https://swara.dfs.core.windows.net/",
            "primary_dfs_host": "swara.dfs.core.windows.net",
            "primary_file_endpoint": "https://swara.file.core.windows.net/",
            "primary_file_host": "swara.file.core.windows.net",
            "primary_location": "westeurope",
            "primary_queue_endpoint": "https://swara.queue.core.windows.net/",
            "primary_queue_host": "swara.queue.core.windows.net",
            "primary_table_endpoint": "https://swara.table.core.windows.net/",
            "primary_table_host": "swara.table.core.windows.net",
            "primary_web_endpoint": "https://swara.z6.web.core.windows.net/",
            "primary_web_host": "swara.z6.web.core.windows.net",
            "queue_encryption_key_type": "Service",
            "queue_properties": [
              {
                "cors_rule": [],
                "hour_metrics": [
                  {
                    "enabled": true,
                    "include_apis": true,
                    "retention_policy_days": 7,
                    "version": "1.0"
                  }
                ],
                "logging": [
                  {
                    "delete": false,
                    "read": false,
                    "retention_policy_days": 0,
                    "version": "1.0",
                    "write": false
                  }
                ],
                "minute_metrics": [
                  {
                    "enabled": false,
                    "include_apis": false,
                    "retention_policy_days": 0,
                    "version": "1.0"
                  }
                ]
              }
            ],
            "resource_group_name": "swara",
            "routing": [],
            "secondary_access_key": "WScqdwFt7sQ3AHhlNoRf6Wk+leJnSnTFyta4OQAqlC8CM+aEP42ogAB+1qhV6RHJ4U9gh4rCZxbJ+AStF0kBJQ==",
            "secondary_blob_connection_string": "",
            "secondary_blob_endpoint": null,
            "secondary_blob_host": null,
            "secondary_connection_string": "DefaultEndpointsProtocol=https;AccountName=swara;AccountKey=WScqdwFt7sQ3AHhlNoRf6Wk+leJnSnTFyta4OQAqlC8CM+aEP42ogAB+1qhV6RHJ4U9gh4rCZxbJ+AStF0kBJQ==;EndpointSuffix=core.windows.net",
            "secondary_dfs_endpoint": null,
            "secondary_dfs_host": null,
            "secondary_file_endpoint": null,
            "secondary_file_host": null,
            "secondary_location": "northeurope",
            "secondary_queue_endpoint": null,
            "secondary_queue_host": null,
            "secondary_table_endpoint": null,
            "secondary_table_host": null,
            "secondary_web_endpoint": null,
            "secondary_web_host": null,
            "share_properties": [
              {
                "cors_rule": [],
                "retention_policy": [
                  {
                    "days": 7
                  }
                ],
                "smb": []
              }
            ],
            "shared_access_key_enabled": true,
            "static_website": [],
            "table_encryption_key_type": "Service",
            "tags": null,
            "timeouts": null
          },
          "sensitive_attributes": [],
          "private": "eyJlMmJmYjczMC1lY2FhLTExZTYtOGY4OC0zNDM2M2JjN2M0YzAiOnsiY3JlYXRlIjozNjAwMDAwMDAwMDAwLCJkZWxldGUiOjM2MDAwMDAwMDAwMDAsInJlYWQiOjMwMDAwMDAwMDAwMCwidXBkYXRlIjozNjAwMDAwMDAwMDAwfSwic2NoZW1hX3ZlcnNpb24iOiIzIn0=",
          "dependencies": [
            "module.swara-module.azurerm_resource_group.swara"
          ]
        }
      ]
    },
    {
      "module": "module.swara-module",
      "mode": "managed",
      "type": "azurerm_windows_function_app",
      "name": "swara",
      "provider": "module.swara-module.provider[\"registry.terraform.io/hashicorp/azurerm\"]",
      "instances": [
        {
          "schema_version": 0,
          "attributes": {
            "app_settings": null,
            "auth_settings": [
              {
                "active_directory": [],
                "additional_login_parameters": {},
                "allowed_external_redirect_urls": [],
                "default_provider": "",
                "enabled": false,
                "facebook": [],
                "github": [],
                "google": [],
                "issuer": "",
                "microsoft": [],
                "runtime_version": "",
                "token_refresh_extension_hours": 0,
                "token_store_enabled": false,
                "twitter": [],
                "unauthenticated_client_action": ""
              }
            ],
            "backup": [],
            "builtin_logging_enabled": true,
            "client_certificate_enabled": false,
            "client_certificate_mode": "Optional",
            "connection_string": [],
            "content_share_force_disabled": false,
            "custom_domain_verification_id": "",
            "daily_memory_time_quota": 0,
            "default_hostname": "",
            "enabled": true,
            "functions_extension_version": "~4",
            "https_only": false,
            "id": "/subscriptions/bfa711a5-2a46-4ae9-b13f-cfc3648d8f94/resourceGroups/swara/providers/Microsoft.Web/sites/swara",
            "identity": [],
            "key_vault_reference_identity_id": "SystemAssigned",
            "kind": "functionapp",
            "location": "westeurope",
            "name": "swara",
            "outbound_ip_address_list": [],
            "outbound_ip_addresses": "",
            "possible_outbound_ip_address_list": [],
            "possible_outbound_ip_addresses": "",
            "resource_group_name": "swara",
            "service_plan_id": "/subscriptions/bfa711a5-2a46-4ae9-b13f-cfc3648d8f94/resourceGroups/swara/providers/Microsoft.Web/serverfarms/swara",
            "site_config": [
              {
                "always_on": false,
                "api_definition_url": "",
                "api_management_api_id": "",
                "app_command_line": "",
                "app_scale_limit": 200,
                "app_service_logs": [],
                "application_insights_connection_string": "",
                "application_insights_key": "",
                "application_stack": [],
                "cors": [],
                "default_documents": [
                  "Default.htm",
                  "Default.html",
                  "Default.asp",
                  "index.htm",
                  "index.html",
                  "iisstart.htm",
                  "default.aspx",
                  "index.php"
                ],
                "detailed_error_logging_enabled": false,
                "elastic_instance_minimum": 0,
                "ftps_state": "Disabled",
                "health_check_eviction_time_in_min": 0,
                "health_check_path": "",
                "http2_enabled": false,
                "ip_restriction": [],
                "load_balancing_mode": "LeastRequests",
                "managed_pipeline_mode": "Integrated",
                "minimum_tls_version": "1.2",
                "pre_warmed_instance_count": 0,
                "remote_debugging_enabled": false,
                "remote_debugging_version": "",
                "runtime_scale_monitoring_enabled": false,
                "scm_ip_restriction": [],
                "scm_minimum_tls_version": "1.2",
                "scm_type": "None",
                "scm_use_main_ip_restriction": false,
                "use_32_bit_worker": true,
                "vnet_route_all_enabled": false,
                "websockets_enabled": false,
                "windows_fx_version": "",
                "worker_count": 1
              }
            ],
            "site_credential": [
              {
                "name": "$swara",
                "password": "dlEugoSb70xpcJlSKcJlfqzp0sfm0caMrAtFuluJvnk2kdptlC38exKyZCeg"
              }
            ],
            "storage_account_access_key": "7I/SyDU8xvqGi5xjc1yKbX4Tn7JIT+qV1ELRXSwPpwUW0SCgqKih0/TW9rfx5YUU2P/iVxoFiWrl+AStGePpyQ==",
            "storage_account_name": "swara",
            "storage_key_vault_secret_id": "",
            "storage_uses_managed_identity": false,
            "tags": null,
            "timeouts": null
          },
          "sensitive_attributes": [
            [
              {
                "type": "get_attr",
                "value": "storage_account_access_key"
              }
            ]
          ],
          "private": "eyJlMmJmYjczMC1lY2FhLTExZTYtOGY4OC0zNDM2M2JjN2M0YzAiOnsiY3JlYXRlIjoxODAwMDAwMDAwMDAwLCJkZWxldGUiOjE4MDAwMDAwMDAwMDAsInJlYWQiOjMwMDAwMDAwMDAwMCwidXBkYXRlIjoxODAwMDAwMDAwMDAwfX0=",
          "dependencies": [
            "module.swara-module.azurerm_resource_group.swara",
            "module.swara-module.azurerm_service_plan.swara",
            "module.swara-module.azurerm_storage_account.swara"
          ]
        }
      ]
    }
  ],
  "check_results": null
}
